version = 1
revision = 3
requires-python = ">=3.14"

[[package]]
name = "cachetools"
version = "7.0.1"
source = { registry = "https://pypi.org/simple" }
sdist = { url = "https://files.pythonhosted.org/packages/d4/07/56595285564e90777d758ebd383d6b0b971b87729bbe2184a849932a3736/cachetools-7.0.1.tar.gz", hash = "sha256:e31e579d2c5b6e2944177a0397150d312888ddf4e16e12f1016068f0c03b8341", size = 36126, upload-time = "2026-02-10T22:24:05.03Z" }
wheels = [
    { url = "https://files.pythonhosted.org/packages/ed/9e/5faefbf9db1db466d633735faceda1f94aa99ce506ac450d232536266b32/cachetools-7.0.1-py3-none-any.whl", hash = "sha256:8f086515c254d5664ae2146d14fc7f65c9a4bce75152eb247e5a9c5e6d7b2ecf", size = 13484, upload-time = "2026-02-10T22:24:03.741Z" },
]

[[package]]
name = "colorama"
version = "0.4.6"
source = { registry = "https://pypi.org/simple" }
sdist = { url = "https://files.pythonhosted.org/packages/d8/53/6f443c9a4a8358a93a6792e2acffb9d9d5cb0a5cfd8802644b7b1c9a02e4/colorama-0.4.6.tar.gz", hash = "sha256:08695f5cb7ed6e0531a20572697297273c47b8cae5a63ffc6d6ed5c201be6e44", size = 27697, upload-time = "2022-10-25T02:36:22.414Z" }
wheels = [
    { url = "https://files.pythonhosted.org/packages/d1/d6/3965ed04c63042e047cb6a3e6ed1a63a35087b6a609aa3a15ed8ac56c221/colorama-0.4.6-py2.py3-none-any.whl", hash = "sha256:4f1d9991f5acc0ca119f9d443620b77f9d6b33703e51011c16baf57afb285fc6", size = 25335, upload-time = "2022-10-25T02:36:20.889Z" },
]

[[package]]
name = "distlib"
version = "0.4.0"
source = { registry = "https://pypi.org/simple" }
sdist = { url = "https://files.pythonhosted.org/packages/96/8e/709914eb2b5749865801041647dc7f4e6d00b549cfe88b65ca192995f07c/distlib-0.4.0.tar.gz", hash = "sha256:feec40075be03a04501a973d81f633735b4b69f98b05450592310c0f401a4e0d", size = 614605, upload-time = "2025-07-17T16:52:00.465Z" }
wheels = [
    { url = "https://files.pythonhosted.org/packages/33/6b/e0547afaf41bf2c42e52430072fa5658766e3d65bd4b03a563d1b6336f57/distlib-0.4.0-py2.py3-none-any.whl", hash = "sha256:9659f7d87e46584a30b5780e43ac7a2143098441670ff0a49d5f9034c54a6c16", size = 469047, upload-time = "2025-07-17T16:51:58.613Z" },
]

[[package]]
name = "filelock"
version = "3.25.0"
source = { registry = "https://pypi.org/simple" }
sdist = { url = "https://files.pythonhosted.org/packages/77/18/a1fd2231c679dcb9726204645721b12498aeac28e1ad0601038f94b42556/filelock-3.25.0.tar.gz", hash = "sha256:8f00faf3abf9dc730a1ffe9c354ae5c04e079ab7d3a683b7c32da5dd05f26af3", size = 40158, upload-time = "2026-03-01T15:08:45.916Z" }
wheels = [
    { url = "https://files.pythonhosted.org/packages/f9/0b/de6f54d4a8bedfe8645c41497f3c18d749f0bd3218170c667bf4b81d0cdd/filelock-3.25.0-py3-none-any.whl", hash = "sha256:5ccf8069f7948f494968fc0713c10e5c182a9c9d9eef3a636307a20c2490f047", size = 26427, upload-time = "2026-03-01T15:08:44.593Z" },
]

[[package]]
name = "packaging"
version = "26.0"
source = { registry = "https://pypi.org/simple" }
sdist = { url = "https://files.pythonhosted.org/packages/65/ee/299d360cdc32edc7d2cf530f3accf79c4fca01e96ffc950d8a52213bd8e4/packaging-26.0.tar.gz", hash = "sha256:00243ae351a257117b6a241061796684b084ed1c516a08c48a3f7e147a9d80b4", size = 143416, upload-time = "2026-01-21T20:50:39.064Z" }
wheels = [
    { url = "https://files.pythonhosted.org/packages/b7/b9/c538f279a4e237a006a2c98387d081e9eb060d203d8ed34467cc0f0b9b53/packaging-26.0-py3-none-any.whl", hash = "sha256:b36f1fef9334a5588b4166f8bcd26a14e521f2b55e6b9de3aaa80d3ff7a37529", size = 74366, upload-time = "2026-01-21T20:50:37.788Z" },
]

[[package]]
name = "platformdirs"
version = "4.9.2"
source = { registry = "https://pypi.org/simple" }
sdist = { url = "https://files.pythonhosted.org/packages/1b/04/fea538adf7dbbd6d186f551d595961e564a3b6715bdf276b477460858672/platformdirs-4.9.2.tar.gz", hash = "sha256:9a33809944b9db043ad67ca0db94b14bf452cc6aeaac46a88ea55b26e2e9d291", size = 28394, upload-time = "2026-02-16T03:56:10.574Z" }
wheels = [
    { url = "https://files.pythonhosted.org/packages/48/31/05e764397056194206169869b50cf2fee4dbbbc71b344705b9c0d878d4d8/platformdirs-4.9.2-py3-none-any.whl", hash = "sha256:9170634f126f8efdae22fb58ae8a0eaa86f38365bc57897a6c4f781d1f5875bd", size = 21168, upload-time = "2026-02-16T03:56:08.891Z" },
]

[[package]]
name = "pluggy"
version = "1.6.0"
source = { registry = "https://pypi.org/simple" }
sdist = { url = "https://files.pythonhosted.org/packages/f9/e2/3e91f31a7d2b083fe6ef3fa267035b518369d9511ffab804f839851d2779/pluggy-1.6.0.tar.gz", hash = "sha256:7dcc130b76258d33b90f61b658791dede3486c3e6bfb003ee5c9bfb396dd22f3", size = 69412, upload-time = "2025-05-15T12:30:07.975Z" }
wheels = [
    { url = "https://files.pythonhosted.org/packages/54/20/4d324d65cc6d9205fabedc306948156824eb9f0ee1633355a8f7ec5c66bf/pluggy-1.6.0-py3-none-any.whl", hash = "sha256:e920276dd6813095e9377c0bc5566d94c932c33b27a3e3945d8389c374dd4746", size = 20538, upload-time = "2025-05-15T12:30:06.134Z" },
]

[[package]]
name = "provider-simenv"
version = "0.1.0"
source = { virtual = "." }

[package.dev-dependencies]
dev = [
    { name = "ruff" },
    { name = "tox" },
    { name = "tox-uv" },
]

[package.metadata]

[package.metadata.requires-dev]
dev = [
    { name = "ruff", specifier = ">=0.15.4" },
    { name = "tox", specifier = ">=4.47.0" },
    { name = "tox-uv", specifier = ">=1.33.0" },
]

[[package]]
name = "pyproject-api"
version = "1.10.0"
source = { registry = "https://pypi.org/simple" }
dependencies = [
    { name = "packaging" },
]
sdist = { url = "https://files.pythonhosted.org/packages/45/7b/c0e1333b61d41c69e59e5366e727b18c4992688caf0de1be10b3e5265f6b/pyproject_api-1.10.0.tar.gz", hash = "sha256:40c6f2d82eebdc4afee61c773ed208c04c19db4c4a60d97f8d7be3ebc0bbb330", size = 22785, upload-time = "2025-10-09T19:12:27.21Z" }
wheels = [
    { url = "https://files.pythonhosted.org/packages/54/cc/cecf97be298bee2b2a37dd360618c819a2a7fd95251d8e480c1f0eb88f3b/pyproject_api-1.10.0-py3-none-any.whl", hash = "sha256:8757c41a79c0f4ab71b99abed52b97ecf66bd20b04fa59da43b5840bac105a09", size = 13218, upload-time = "2025-10-09T19:12:24.428Z" },
]

[[package]]
name = "python-discovery"
version = "1.1.0"
source = { registry = "https://pypi.org/simple" }
dependencies = [
    { name = "filelock" },
    { name = "platformdirs" },
]
sdist = { url = "https://files.pythonhosted.org/packages/82/bb/93a3e83bdf9322c7e21cafd092e56a4a17c4d8ef4277b6eb01af1a540a6f/python_discovery-1.1.0.tar.gz", hash = "sha256:447941ba1aed8cc2ab7ee3cb91be5fc137c5bdbb05b7e6ea62fbdcb66e50b268", size = 55674, upload-time = "2026-02-26T09:42:49.668Z" }
wheels = [
    { url = "https://files.pythonhosted.org/packages/06/54/82a6e2ef37f0f23dccac604b9585bdcbd0698604feb64807dcb72853693e/python_discovery-1.1.0-py3-none-any.whl", hash = "sha256:a162893b8809727f54594a99ad2179d2ede4bf953e12d4c7abc3cc9cdbd1437b", size = 30687, upload-time = "2026-02-26T09:42:48.548Z" },
]

[[package]]
name = "ruff"
version = "0.15.4"
source = { registry = "https://pypi.org/simple" }
sdist = { url = "https://files.pythonhosted.org/packages/da/31/d6e536cdebb6568ae75a7f00e4b4819ae0ad2640c3604c305a0428680b0c/ruff-0.15.4.tar.gz", hash = "sha256:3412195319e42d634470cc97aa9803d07e9d5c9223b99bcb1518f0c725f26ae1", size = 4569550, upload-time = "2026-02-26T20:04:14.959Z" }
wheels = [
    { url = "https://files.pythonhosted.org/packages/f2/82/c11a03cfec3a4d26a0ea1e571f0f44be5993b923f905eeddfc397c13d360/ruff-0.15.4-py3-none-linux_armv6l.whl", hash = "sha256:a1810931c41606c686bae8b5b9a8072adac2f611bb433c0ba476acba17a332e0", size = 10453333, upload-time = "2026-02-26T20:04:20.093Z" },
    { url = "https://files.pythonhosted.org/packages/ce/5d/6a1f271f6e31dffb31855996493641edc3eef8077b883eaf007a2f1c2976/ruff-0.15.4-py3-none-macosx_10_12_x86_64.whl", hash = "sha256:5a1632c66672b8b4d3e1d1782859e98d6e0b4e70829530666644286600a33992", size = 10853356, upload-time = "2026-02-26T20:04:05.808Z" },
    { url = "https://files.pythonhosted.org/packages/b1/d8/0fab9f8842b83b1a9c2bf81b85063f65e93fb512e60effa95b0be49bfc54/ruff-0.15.4-py3-none-macosx_11_0_arm64.whl", hash = "sha256:a4386ba2cd6c0f4ff75252845906acc7c7c8e1ac567b7bc3d373686ac8c222ba", size = 10187434, upload-time = "2026-02-26T20:03:54.656Z" },
    { url = "https://files.pythonhosted.org/packages/85/cc/cc220fd9394eff5db8d94dec199eec56dd6c9f3651d8869d024867a91030/ruff-0.15.4-py3-none-manylinux_2_17_aarch64.manylinux2014_aarch64.whl", hash = "sha256:b2496488bdfd3732747558b6f95ae427ff066d1fcd054daf75f5a50674411e75", size = 10535456, upload-time = "2026-02-26T20:03:52.738Z" },
    { url = "https://files.pythonhosted.org/packages/fa/0f/bced38fa5cf24373ec767713c8e4cadc90247f3863605fb030e597878661/ruff-0.15.4-py3-none-manylinux_2_17_armv7l.manylinux2014_armv7l.whl", hash = "sha256:3f1c4893841ff2d54cbda1b2860fa3260173df5ddd7b95d370186f8a5e66a4ac", size = 10287772, upload-time = "2026-02-26T20:04:08.138Z" },
    { url = "https://files.pythonhosted.org/packages/2b/90/58a1802d84fed15f8f281925b21ab3cecd813bde52a8ca033a4de8ab0e7a/ruff-0.15.4-py3-none-manylinux_2_17_i686.manylinux2014_i686.whl", hash = "sha256:820b8766bd65503b6c30aaa6331e8ef3a6e564f7999c844e9a547c40179e440a", size = 11049051, upload-time = "2026-02-26T20:04:03.53Z" },
    { url = "https://files.pythonhosted.org/packages/d2/ac/b7ad36703c35f3866584564dc15f12f91cb1a26a897dc2fd13d7cb3ae1af/ruff-0.15.4-py3-none-manylinux_2_17_ppc64le.manylinux2014_ppc64le.whl", hash = "sha256:c9fb74bab47139c1751f900f857fa503987253c3ef89129b24ed375e72873e85", size = 11890494, upload-time = "2026-02-26T20:04:10.497Z" },
    { url = "https://files.pythonhosted.org/packages/93/3d/3eb2f47a39a8b0da99faf9c54d3eb24720add1e886a5309d4d1be73a6380/ruff-0.15.4-py3-none-manylinux_2_17_s390x.manylinux2014_s390x.whl", hash = "sha256:f80c98765949c518142b3a50a5db89343aa90f2c2bf7799de9986498ae6176db", size = 11326221, upload-time = "2026-02-26T20:04:12.84Z" },
    { url = "https://files.pythonhosted.org/packages/ff/90/bf134f4c1e5243e62690e09d63c55df948a74084c8ac3e48a88468314da6/ruff-0.15.4-py3-none-manylinux_2_17_x86_64.manylinux2014_x86_64.whl", hash = "sha256:451a2e224151729b3b6c9ffb36aed9091b2996fe4bdbd11f47e27d8f2e8888ec", size = 11168459, upload-time = "2026-02-26T20:04:00.969Z" },
    { url = "https://files.pythonhosted.org/packages/b5/e5/a64d27688789b06b5d55162aafc32059bb8c989c61a5139a36e1368285eb/ruff-0.15.4-py3-none-manylinux_2_31_riscv64.whl", hash = "sha256:a8f157f2e583c513c4f5f896163a93198297371f34c04220daf40d133fdd4f7f", size = 11104366, upload-time = "2026-02-26T20:03:48.099Z" },
    { url = "https://files.pythonhosted.org/packages/f1/f6/32d1dcb66a2559763fc3027bdd65836cad9eb09d90f2ed6a63d8e9252b02/ruff-0.15.4-py3-none-musllinux_1_2_aarch64.whl", hash = "sha256:917cc68503357021f541e69b35361c99387cdbbf99bd0ea4aa6f28ca99ff5338", size = 10510887, upload-time = "2026-02-26T20:03:45.771Z" },
    { url = "https://files.pythonhosted.org/packages/ff/92/22d1ced50971c5b6433aed166fcef8c9343f567a94cf2b9d9089f6aa80fe/ruff-0.15.4-py3-none-musllinux_1_2_armv7l.whl", hash = "sha256:e9737c8161da79fd7cfec19f1e35620375bd8b2a50c3e77fa3d2c16f574105cc", size = 10285939, upload-time = "2026-02-26T20:04:22.42Z" },
    { url = "https://files.pythonhosted.org/packages/e6/f4/7c20aec3143837641a02509a4668fb146a642fd1211846634edc17eb5563/ruff-0.15.4-py3-none-musllinux_1_2_i686.whl", hash = "sha256:291258c917539e18f6ba40482fe31d6f5ac023994ee11d7bdafd716f2aab8a68", size = 10765471, upload-time = "2026-02-26T20:03:58.924Z" },
    { url = "https://files.pythonhosted.org/packages/d0/09/6d2f7586f09a16120aebdff8f64d962d7c4348313c77ebb29c566cefc357/ruff-0.15.4-py3-none-musllinux_1_2_x86_64.whl", hash = "sha256:3f83c45911da6f2cd5936c436cf86b9f09f09165f033a99dcf7477e34041cbc3", size = 11263382, upload-time = "2026-02-26T20:04:24.424Z" },
    { url = "https://files.pythonhosted.org/packages/1b/fa/2ef715a1cd329ef47c1a050e10dee91a9054b7ce2fcfdd6a06d139afb7ec/ruff-0.15.4-py3-none-win32.whl", hash = "sha256:65594a2d557d4ee9f02834fcdf0a28daa8b3b9f6cb2cb93846025a36db47ef22", size = 10506664, upload-time = "2026-02-26T20:03:50.56Z" },
    { url = "https://files.pythonhosted.org/packages/d0/a8/c688ef7e29983976820d18710f955751d9f4d4eb69df658af3d006e2ba3e/ruff-0.15.4-py3-none-win_amd64.whl", hash = "sha256:04196ad44f0df220c2ece5b0e959c2f37c777375ec744397d21d15b50a75264f", size = 11651048, upload-time = "2026-02-26T20:04:17.191Z" },
    { url = "https://files.pythonhosted.org/packages/3e/0a/9e1be9035b37448ce2e68c978f0591da94389ade5a5abafa4cf99985d1b2/ruff-0.15.4-py3-none-win_arm64.whl", hash = "sha256:60d5177e8cfc70e51b9c5fad936c634872a74209f934c1e79107d11787ad5453", size = 10966776, upload-time = "2026-02-26T20:03:56.908Z" },
]

[[package]]
name = "tox"
version = "4.47.0"
source = { registry = "https://pypi.org/simple" }
dependencies = [
    { name = "cachetools" },
    { name = "colorama" },
    { name = "filelock" },
    { name = "packaging" },
    { name = "platformdirs" },
    { name = "pluggy" },
    { name = "pyproject-api" },
    { name = "virtualenv" },
]
sdist = { url = "https://files.pythonhosted.org/packages/30/4a/6ea2602afe685f842ff9b5e07196e693f1aba885164d171af4807075cb30/tox-4.47.0.tar.gz", hash = "sha256:db08368214f6f44b3e9b6c6e937140e25a4b0cea63f8489bf1c9b6b34d3e42e3", size = 253965, upload-time = "2026-03-01T15:00:05.563Z" }
wheels = [
    { url = "https://files.pythonhosted.org/packages/a3/95/727c8cde3ef125706825242833c41d0293307983cb9de7d1ad6dda503bfa/tox-4.47.0-py3-none-any.whl", hash = "sha256:79260c47814086313eea516c6cd4ce374f93c19be2de6125e7d330356a000364", size = 202065, upload-time = "2026-03-01T15:00:03.808Z" },
]

[[package]]
name = "tox-uv"
version = "1.33.0"
source = { registry = "https://pypi.org/simple" }
dependencies = [
    { name = "tox-uv-bare" },
    { name = "uv" },
]
wheels = [
    { url = "https://files.pythonhosted.org/packages/9f/67/736f40388b5e1d1b828b236014be7dd3d62a10642122763e6928d950edad/tox_uv-1.33.0-py3-none-any.whl", hash = "sha256:bb3055599940f111f3dead552dd7560b94339175ec58ffa7628ef59fad760d91", size = 5363, upload-time = "2026-02-25T13:22:52.186Z" },
]

[[package]]
name = "tox-uv-bare"
version = "1.33.0"
source = { registry = "https://pypi.org/simple" }
dependencies = [
    { name = "packaging" },
    { name = "tox" },
]
sdist = { url = "https://files.pythonhosted.org/packages/07/e8/f927b6cb26dae64732cb8c31f20be009d264ecf34751e72cf8ae7c7db17b/tox_uv_bare-1.33.0.tar.gz", hash = "sha256:34d8484a36ad121257f22823df154c246d831b84b01df91c4369a56cb4689d2e", size = 26995, upload-time = "2026-02-25T13:22:54.9Z" }
wheels = [
    { url = "https://files.pythonhosted.org/packages/32/e5/0cae08b6c2908b4b8e51a91adaead58d06fd2393333aadc88c9a448da2c3/tox_uv_bare-1.33.0-py3-none-any.whl", hash = "sha256:80b5c1f4f5eda2dfd3a9de569665ad2dccdfb128ed1ee9f69c1dacfd100f6b4a", size = 19528, upload-time = "2026-02-25T13:22:53.269Z" },
]

[[package]]
name = "uv"
version = "0.10.7"
source = { registry = "https://pypi.org/simple" }
sdist = { url = "https://files.pythonhosted.org/packages/7c/ec/b324a43b55fe59577505478a396cb1d2758487a2e2270c81ccfa4ac6c96d/uv-0.10.7.tar.gz", hash = "sha256:7c3b0133c2d6bd725d5a35ec5e109ebf0d75389943abe826f3d9ea6d6667a375", size = 3922193, upload-time = "2026-02-27T12:33:58.525Z" }
wheels = [
    { url = "https://files.pythonhosted.org/packages/f3/1b/decff24553325561850d70b75c737076e6fcbcfbf233011a27a33f06e4d9/uv-0.10.7-py3-none-linux_armv6l.whl", hash = "sha256:6a0af6c7a90fd2053edfa2c8ee719078ea906a2d9f4798d3fb3c03378726209a", size = 22497542, upload-time = "2026-02-27T12:33:39.425Z" },
    { url = "https://files.pythonhosted.org/packages/fc/b5/51152c87921bc2576fecb982df4a02ac9cfd7fc934e28114a1232b99eed4/uv-0.10.7-py3-none-macosx_10_12_x86_64.whl", hash = "sha256:3b7db0cab77232a7c8856062904fc3b9db22383f1dec7e97a9588fb6c8470f6a", size = 21558860, upload-time = "2026-02-27T12:34:03.362Z" },
    { url = "https://files.pythonhosted.org/packages/5e/15/8365dc2ded350a4ee5fcbbf9b15195cb2b45855114f2a154b5effb6fa791/uv-0.10.7-py3-none-macosx_11_0_arm64.whl", hash = "sha256:d872d2ff9c9dfba989b5f05f599715bc0f19b94cd0dbf8ae4ad22f8879a66c8c", size = 20212775, upload-time = "2026-02-27T12:33:55.365Z" },
    { url = "https://files.pythonhosted.org/packages/53/a0/ccf25e897f3907b5a6fd899007ff9a80b5bbf151b3a75a375881005611fd/uv-0.10.7-py3-none-manylinux_2_17_aarch64.manylinux2014_aarch64.musllinux_1_1_aarch64.whl", hash = "sha256:d9b40d03693efda80a41e5d18ac997efdf1094b27fb75471c1a8f51a9ebeffb3", size = 22015584, upload-time = "2026-02-27T12:33:47.374Z" },
    { url = "https://files.pythonhosted.org/packages/fa/3a/5099747954e7774768572d30917bb6bda6b8d465d7a3c49c9bbf7af2a812/uv-0.10.7-py3-none-manylinux_2_17_armv7l.manylinux2014_armv7l.musllinux_1_1_armv7l.whl", hash = "sha256:e74fe4df9cf31fe84f20b84a0054874635077d31ce20e7de35ff0dd64d498d7b", size = 22100376, upload-time = "2026-02-27T12:34:06.169Z" },
    { url = "https://files.pythonhosted.org/packages/0c/1a/75897fd966b871803cf78019fa31757ced0d54af5ffd7f57bce8b01d64f3/uv-0.10.7-py3-none-manylinux_2_17_armv7l.manylinux2014_armv7l.whl", hash = "sha256:9c76659fc8bb618dd35cd83b2f479c6f880555a16630a454a251045c4c118ea4", size = 22105202, upload-time = "2026-02-27T12:34:16.972Z" },
    { url = "https://files.pythonhosted.org/packages/b5/1e/0b8caedd66ca911533e18fd051da79a213c792404138812c66043d529b9e/uv-0.10.7-py3-none-manylinux_2_17_i686.manylinux2014_i686.whl", hash = "sha256:1d160cceb9468024ca40dc57a180289dfd2024d98e42f2284b9ec44355723b0a", size = 23335601, upload-time = "2026-02-27T12:34:11.161Z" },
    { url = "https://files.pythonhosted.org/packages/69/94/b741af277e39a92e0da07fe48c338eee1429c2607e7a192e41345208bb24/uv-0.10.7-py3-none-manylinux_2_17_ppc64le.manylinux2014_ppc64le.whl", hash = "sha256:c775975d891cb60cf10f00953e61e643fcb9a9139e94c9ef5c805fe36e90477f", size = 24152851, upload-time = "2026-02-27T12:33:33.904Z" },
    { url = "https://files.pythonhosted.org/packages/27/b2/da351ccd02f0fb1aec5f992b886bea1374cce44276a78904348e2669dd78/uv-0.10.7-py3-none-manylinux_2_17_s390x.manylinux2014_s390x.whl", hash = "sha256:a709e75583231cc1f39567fb3d8d9b4077ff94a64046eb242726300144ed1a4a", size = 23276444, upload-time = "2026-02-27T12:33:36.891Z" },
    { url = "https://files.pythonhosted.org/packages/71/a9/2735cc9dc39457c9cf64d1ce2ba5a9a8ecbb103d0fb64b052bf33ba3d669/uv-0.10.7-py3-none-manylinux_2_17_x86_64.manylinux2014_x86_64.whl", hash = "sha256:89de2504407dcf04aece914c6ca3b9d8e60cf9ff39a13031c1df1f7c040cea81", size = 23218464, upload-time = "2026-02-27T12:34:00.904Z" },
    { url = "https://files.pythonhosted.org/packages/20/5f/5f204e9c3f04f5fc844d2f98d80a7de64b6b304af869644ab478d909f6ff/uv-0.10.7-py3-none-manylinux_2_28_aarch64.whl", hash = "sha256:9945de1d11c4a5ad77e9c4f36f8b5f9e7c9c3c32999b8bc0e7e579145c3b641c", size = 22092562, upload-time = "2026-02-27T12:34:14.155Z" },
    { url = "https://files.pythonhosted.org/packages/dd/a4/16bebf106e3289a29cc1e1482d551c49bd220983e9b4bc5960142389ad3f/uv-0.10.7-py3-none-manylinux_2_31_riscv64.whl", hash = "sha256:dbe43527f478e2ffa420516aa465f82057763936bbea56f814fd054a9b7f961f", size = 22851312, upload-time = "2026-02-27T12:34:08.651Z" },
    { url = "https://files.pythonhosted.org/packages/d1/7a/953b1da589225d98ca8668412f665c3192f6deed2a0f4bb782b0df18f611/uv-0.10.7-py3-none-musllinux_1_1_i686.whl", hash = "sha256:c0783f327631141501bdc5f31dd2b4c748df7e7f5dc5cdbfc0fbb82da86cc9ca", size = 22543775, upload-time = "2026-02-27T12:33:30.935Z" },
    { url = "https://files.pythonhosted.org/packages/8b/67/e133afdabf76e43989448be1c2ef607f13afc32aa1ee9f6897115dec8417/uv-0.10.7-py3-none-musllinux_1_1_x86_64.whl", hash = "sha256:eba438899010522812d3497af586e6eedc94fa2b0ced028f51812f0c10aafb30", size = 23431187, upload-time = "2026-02-27T12:33:42.131Z" },
    { url = "https://files.pythonhosted.org/packages/ba/40/6ffb58ec88a33d6cbe9a606966f9558807f37a50f7be7dc756824df2d04c/uv-0.10.7-py3-none-win32.whl", hash = "sha256:b56d1818aafb2701d92e94f552126fe71d30a13f28712d99345ef5cafc53d874", size = 21524397, upload-time = "2026-02-27T12:33:44.579Z" },
    { url = "https://files.pythonhosted.org/packages/e3/1f/74f4d625db838f716a555908d41777b6357bacc141ddef117a01855e5ef9/uv-0.10.7-py3-none-win_amd64.whl", hash = "sha256:ad0d0ddd9f5407ad8699e3b20fe6c18406cd606336743e246b16914801cfd8b0", size = 23999929, upload-time = "2026-02-27T12:33:49.839Z" },
    { url = "https://files.pythonhosted.org/packages/48/4e/20cbfbcb1a0f48c5c1ca94f6baa0fa00754aafda365da9160c15e3b9c277/uv-0.10.7-py3-none-win_arm64.whl", hash = "sha256:edf732de80c1a9701180ef8c7a2fa926a995712e4a34ae8c025e090f797c2e0b", size = 22353084, upload-time = "2026-02-27T12:33:52.792Z" },
]

[[package]]
name = "virtualenv"
version = "21.1.0"
source = { registry = "https://pypi.org/simple" }
dependencies = [
    { name = "distlib" },
    { name = "filelock" },
    { name = "platformdirs" },
    { name = "python-discovery" },
]
sdist = { url = "https://files.pythonhosted.org/packages/2f/c9/18d4b36606d6091844daa3bd93cf7dc78e6f5da21d9f21d06c221104b684/virtualenv-21.1.0.tar.gz", hash = "sha256:1990a0188c8f16b6b9cf65c9183049007375b26aad415514d377ccacf1e4fb44", size = 5840471, upload-time = "2026-02-27T08:49:29.702Z" }
wheels = [
    { url = "https://files.pythonhosted.org/packages/78/55/896b06bf93a49bec0f4ae2a6f1ed12bd05c8860744ac3a70eda041064e4d/virtualenv-21.1.0-py3-none-any.whl", hash = "sha256:164f5e14c5587d170cf98e60378eb91ea35bf037be313811905d3a24ea33cc07", size = 5825072, upload-time = "2026-02-27T08:49:27.516Z" },
]
